// !$*UTF8*$!
{
	archiveVersion = 1;
	classes = {
	};
	objectVersion = 46;
	objects = {

/* Begin PBXBuildFile section */
		A3E4343D1BFBE4D9007A17C7 /* AppDelegate.swift in Sources */ = {isa = PBXBuildFile; fileRef = A3E4343C1BFBE4D9007A17C7 /* AppDelegate.swift */; };
		A3E4343F1BFBE4D9007A17C7 /* FirstViewController.swift in Sources */ = {isa = PBXBuildFile; fileRef = A3E4343E1BFBE4D9007A17C7 /* FirstViewController.swift */; };
		A3E434411BFBE4D9007A17C7 /* SecondViewController.swift in Sources */ = {isa = PBXBuildFile; fileRef = A3E434401BFBE4D9007A17C7 /* SecondViewController.swift */; };
		A3E434441BFBE4D9007A17C7 /* Main.storyboard in Resources */ = {isa = PBXBuildFile; fileRef = A3E434421BFBE4D9007A17C7 /* Main.storyboard */; };
		A3E434461BFBE4D9007A17C7 /* Assets.xcassets in Resources */ = {isa = PBXBuildFile; fileRef = A3E434451BFBE4D9007A17C7 /* Assets.xcassets */; };
		A3E434491BFBE4D9007A17C7 /* LaunchScreen.storyboard in Resources */ = {isa = PBXBuildFile; fileRef = A3E434471BFBE4D9007A17C7 /* LaunchScreen.storyboard */; };
		A3E434541BFBE4D9007A17C7 /* Playlist_DispenserTests.swift in Sources */ = {isa = PBXBuildFile; fileRef = A3E434531BFBE4D9007A17C7 /* Playlist_DispenserTests.swift */; };
		A3E4345F1BFBE4D9007A17C7 /* Playlist_DispenserUITests.swift in Sources */ = {isa = PBXBuildFile; fileRef = A3E4345E1BFBE4D9007A17C7 /* Playlist_DispenserUITests.swift */; };
/* End PBXBuildFile section */

/* Begin PBXContainerItemProxy section */
		A3E434501BFBE4D9007A17C7 /* PBXContainerItemProxy */ = {
			isa = PBXContainerItemProxy;
			containerPortal = A3E434311BFBE4D9007A17C7 /* Project object */;
			proxyType = 1;
			remoteGlobalIDString = A3E434381BFBE4D9007A17C7;
			remoteInfo = "Playlist Dispenser";
		};
		A3E4345B1BFBE4D9007A17C7 /* PBXContainerItemProxy */ = {
			isa = PBXContainerItemProxy;
			containerPortal = A3E434311BFBE4D9007A17C7 /* Project object */;
			proxyType = 1;
			remoteGlobalIDString = A3E434381BFBE4D9007A17C7;
			remoteInfo = "Playlist Dispenser";
		};
/* End PBXContainerItemProxy section */

/* Begin PBXFileReference section */
		A3E434391BFBE4D9007A17C7 /* Playlist Dispenser.app */ = {isa = PBXFileReference; explicitFileType = wrapper.application; includeInIndex = 0; path = "Playlist Dispenser.app"; sourceTree = BUILT_PRODUCTS_DIR; };
		A3E4343C1BFBE4D9007A17C7 /* AppDelegate.swift */ = {isa = PBXFileReference; lastKnownFileType = sourcecode.swift; path = AppDelegate.swift; sourceTree = "<group>"; };
		A3E4343E1BFBE4D9007A17C7 /* FirstViewController.swift */ = {isa = PBXFileReference; lastKnownFileType = sourcecode.swift; path = FirstViewController.swift; sourceTree = "<group>"; };
		A3E434401BFBE4D9007A17C7 /* SecondViewController.swift */ = {isa = PBXFileReference; lastKnownFileType = sourcecode.swift; path = SecondViewController.swift; sourceTree = "<group>"; };
		A3E434431BFBE4D9007A17C7 /* Base */ = {isa = PBXFileReference; lastKnownFileType = file.storyboard; name = Base; path = Base.lproj/Main.storyboard; sourceTree = "<group>"; };
		A3E434451BFBE4D9007A17C7 /* Assets.xcassets */ = {isa = PBXFileReference; lastKnownFileType = folder.assetcatalog; path = Assets.xcassets; sourceTree = "<group>"; };
		A3E434481BFBE4D9007A17C7 /* Base */ = {isa = PBXFileReference; lastKnownFileType = file.storyboard; name = Base; path = Base.lproj/LaunchScreen.storyboard; sourceTree = "<group>"; };
		A3E4344A1BFBE4D9007A17C7 /* Info.plist */ = {isa = PBXFileReference; lastKnownFileType = text.plist.xml; path = Info.plist; sourceTree = "<group>"; };
		A3E4344F1BFBE4D9007A17C7 /* Playlist DispenserTests.xctest */ = {isa = PBXFileReference; explicitFileType = wrapper.cfbundle; includeInIndex = 0; path = "Playlist DispenserTests.xctest"; sourceTree = BUILT_PRODUCTS_DIR; };
		A3E434531BFBE4D9007A17C7 /* Playlist_DispenserTests.swift */ = {isa = PBXFileReference; lastKnownFileType = sourcecode.swift; path = Playlist_DispenserTests.swift; sourceTree = "<group>"; };
		A3E434551BFBE4D9007A17C7 /* Info.plist */ = {isa = PBXFileReference; lastKnownFileType = text.plist.xml; path = Info.plist; sourceTree = "<group>"; };
		A3E4345A1BFBE4D9007A17C7 /* Playlist DispenserUITests.xctest */ = {isa = PBXFileReference; explicitFileType = wrapper.cfbundle; includeInIndex = 0; path = "Playlist DispenserUITests.xctest"; sourceTree = BUILT_PRODUCTS_DIR; };
		A3E4345E1BFBE4D9007A17C7 /* Playlist_DispenserUITests.swift */ = {isa = PBXFileReference; lastKnownFileType = sourcecode.swift; path = Playlist_DispenserUITests.swift; sourceTree = "<group>"; };
		A3E434601BFBE4D9007A17C7 /* Info.plist */ = {isa = PBXFileReference; lastKnownFileType = text.plist.xml; path = Info.plist; sourceTree = "<group>"; };
/* End PBXFileReference section */

/* Begin PBXFrameworksBuildPhase section */
		A3E434361BFBE4D9007A17C7 /* Frameworks */ = {
			isa = PBXFrameworksBuildPhase;
			buildActionMask = 2147483647;
			files = (
			);
			runOnlyForDeploymentPostprocessing = 0;
		};
		A3E4344C1BFBE4D9007A17C7 /* Frameworks */ = {
			isa = PBXFrameworksBuildPhase;
			buildActionMask = 2147483647;
			files = (
			);
			runOnlyForDeploymentPostprocessing = 0;
		};
		A3E434571BFBE4D9007A17C7 /* Frameworks */ = {
			isa = PBXFrameworksBuildPhase;
			buildActionMask = 2147483647;
			files = (
			);
			runOnlyForDeploymentPostprocessing = 0;
		};
/* End PBXFrameworksBuildPhase section */

/* Begin PBXGroup section */
		A3E434301BFBE4D9007A17C7 = {
			isa = PBXGroup;
			children = (
				A3E4343B1BFBE4D9007A17C7 /* Playlist Dispenser */,
				A3E434521BFBE4D9007A17C7 /* Playlist DispenserTests */,
				A3E4345D1BFBE4D9007A17C7 /* Playlist DispenserUITests */,
				A3E4343A1BFBE4D9007A17C7 /* Products */,
			);
			sourceTree = "<group>";
		};
		A3E4343A1BFBE4D9007A17C7 /* Products */ = {
			isa = PBXGroup;
			children = (
				A3E434391BFBE4D9007A17C7 /* Playlist Dispenser.app */,
				A3E4344F1BFBE4D9007A17C7 /* Playlist DispenserTests.xctest */,
				A3E4345A1BFBE4D9007A17C7 /* Playlist DispenserUITests.xctest */,
			);
			name = Products;
			sourceTree = "<group>";
		};
		A3E4343B1BFBE4D9007A17C7 /* Playlist Dispenser */ = {
			isa = PBXGroup;
			children = (
				A3E4343C1BFBE4D9007A17C7 /* AppDelegate.swift */,
				A3E4343E1BFBE4D9007A17C7 /* FirstViewController.swift */,
				A3E434401BFBE4D9007A17C7 /* SecondViewController.swift */,
				A3E434421BFBE4D9007A17C7 /* Main.storyboard */,
				A3E434451BFBE4D9007A17C7 /* Assets.xcassets */,
				A3E434471BFBE4D9007A17C7 /* LaunchScreen.storyboard */,
				A3E4344A1BFBE4D9007A17C7 /* Info.plist */,
			);
			path = "Playlist Dispenser";
			sourceTree = "<group>";
		};
		A3E434521BFBE4D9007A17C7 /* Playlist DispenserTests */ = {
			isa = PBXGroup;
			children = (
				A3E434531BFBE4D9007A17C7 /* Playlist_DispenserTests.swift */,
				A3E434551BFBE4D9007A17C7 /* Info.plist */,
			);
			path = "Playlist DispenserTests";
			sourceTree = "<group>";
		};
		A3E4345D1BFBE4D9007A17C7 /* Playlist DispenserUITests */ = {
			isa = PBXGroup;
			children = (
				A3E4345E1BFBE4D9007A17C7 /* Playlist_DispenserUITests.swift */,
				A3E434601BFBE4D9007A17C7 /* Info.plist */,
			);
			path = "Playlist DispenserUITests";
			sourceTree = "<group>";
		};
/* End PBXGroup section */

/* Begin PBXNativeTarget section */
		A3E434381BFBE4D9007A17C7 /* Playlist Dispenser */ = {
			isa = PBXNativeTarget;
			buildConfigurationList = A3E434631BFBE4D9007A17C7 /* Build configuration list for PBXNativeTarget "Playlist Dispenser" */;
			buildPhases = (
				A3E434351BFBE4D9007A17C7 /* Sources */,
				A3E434361BFBE4D9007A17C7 /* Frameworks */,
				A3E434371BFBE4D9007A17C7 /* Resources */,
			);
			buildRules = (
			);
			dependencies = (
			);
			name = "Playlist Dispenser";
			productName = "Playlist Dispenser";
			productReference = A3E434391BFBE4D9007A17C7 /* Playlist Dispenser.app */;
			productType = "com.apple.product-type.application";
		};
		A3E4344E1BFBE4D9007A17C7 /* Playlist DispenserTests */ = {
			isa = PBXNativeTarget;
			buildConfigurationList = A3E434661BFBE4D9007A17C7 /* Build configuration list for PBXNativeTarget "Playlist DispenserTests" */;
			buildPhases = (
				A3E4344B1BFBE4D9007A17C7 /* Sources */,
				A3E4344C1BFBE4D9007A17C7 /* Frameworks */,
				A3E4344D1BFBE4D9007A17C7 /* Resources */,
			);
			buildRules = (
			);
			dependencies = (
				A3E434511BFBE4D9007A17C7 /* PBXTargetDependency */,
			);
			name = "Playlist DispenserTests";
			productName = "Playlist DispenserTests";
			productReference = A3E4344F1BFBE4D9007A17C7 /* Playlist DispenserTests.xctest */;
			productType = "com.apple.product-type.bundle.unit-test";
		};
		A3E434591BFBE4D9007A17C7 /* Playlist DispenserUITests */ = {
			isa = PBXNativeTarget;
			buildConfigurationList = A3E434691BFBE4D9007A17C7 /* Build configuration list for PBXNativeTarget "Playlist DispenserUITests" */;
			buildPhases = (
				A3E434561BFBE4D9007A17C7 /* Sources */,
				A3E434571BFBE4D9007A17C7 /* Frameworks */,
				A3E434581BFBE4D9007A17C7 /* Resources */,
			);
			buildRules = (
			);
			dependencies = (
				A3E4345C1BFBE4D9007A17C7 /* PBXTargetDependency */,
			);
			name = "Playlist DispenserUITests";
			productName = "Playlist DispenserUITests";
			productReference = A3E4345A1BFBE4D9007A17C7 /* Playlist DispenserUITests.xctest */;
			productType = "com.apple.product-type.bundle.ui-testing";
		};
/* End PBXNativeTarget section */

/* Begin PBXProject section */
		A3E434311BFBE4D9007A17C7 /* Project object */ = {
			isa = PBXProject;
			attributes = {
				LastSwiftUpdateCheck = 0710;
				LastUpgradeCheck = 0710;
				ORGANIZATIONNAME = "Luke Matusiak";
				TargetAttributes = {
					A3E434381BFBE4D9007A17C7 = {
						CreatedOnToolsVersion = 7.1;
						DevelopmentTeam = GFEH7B8GG9;
					};
					A3E4344E1BFBE4D9007A17C7 = {
						CreatedOnToolsVersion = 7.1;
						DevelopmentTeam = GFEH7B8GG9;
						TestTargetID = A3E434381BFBE4D9007A17C7;
					};
					A3E434591BFBE4D9007A17C7 = {
						CreatedOnToolsVersion = 7.1;
						DevelopmentTeam = GFEH7B8GG9;
						TestTargetID = A3E434381BFBE4D9007A17C7;
					};
				};
			};
			buildConfigurationList = A3E434341BFBE4D9007A17C7 /* Build configuration list for PBXProject "Playlist Dispenser" */;
			compatibilityVersion = "Xcode 3.2";
			developmentRegion = English;
			hasScannedForEncodings = 0;
			knownRegions = (
				en,
				Base,
			);
			mainGroup = A3E434301BFBE4D9007A17C7;
			productRefGroup = A3E4343A1BFBE4D9007A17C7 /* Products */;
			projectDirPath = "";
			projectRoot = "";
			targets = (
				A3E434381BFBE4D9007A17C7 /* Playlist Dispenser */,
				A3E4344E1BFBE4D9007A17C7 /* Playlist DispenserTests */,
				A3E434591BFBE4D9007A17C7 /* Playlist DispenserUITests */,
			);
		};
/* End PBXProject section */

/* Begin PBXResourcesBuildPhase section */
		A3E434371BFBE4D9007A17C7 /* Resources */ = {
			isa = PBXResourcesBuildPhase;
			buildActionMask = 2147483647;
			files = (
				A3E434491BFBE4D9007A17C7 /* LaunchScreen.storyboard in Resources */,
				A3E434461BFBE4D9007A17C7 /* Assets.xcassets in Resources */,
				A3E434441BFBE4D9007A17C7 /* Main.storyboard in Resources */,
			);
			runOnlyForDeploymentPostprocessing = 0;
		};
		A3E4344D1BFBE4D9007A17C7 /* Resources */ = {
			isa = PBXResourcesBuildPhase;
			buildActionMask = 2147483647;
			files = (
			);
			runOnlyForDeploymentPostprocessing = 0;
		};
		A3E434581BFBE4D9007A17C7 /* Resources */ = {
			isa = PBXResourcesBuildPhase;
			buildActionMask = 2147483647;
			files = (
			);
			runOnlyForDeploymentPostprocessing = 0;
		};
/* End PBXResourcesBuildPhase section */

/* Begin PBXSourcesBuildPhase section */
		A3E434351BFBE4D9007A17C7 /* Sources */ = {
			isa = PBXSourcesBuildPhase;
			buildActionMask = 2147483647;
			files = (
				A3E434411BFBE4D9007A17C7 /* SecondViewController.swift in Sources */,
				A3E4343D1BFBE4D9007A17C7 /* AppDelegate.swift in Sources */,
				A3E4343F1BFBE4D9007A17C7 /* FirstViewController.swift in Sources */,
			);
			runOnlyForDeploymentPostprocessing = 0;
		};
		A3E4344B1BFBE4D9007A17C7 /* Sources */ = {
			isa = PBXSourcesBuildPhase;
			buildActionMask = 2147483647;
			files = (
				A3E434541BFBE4D9007A17C7 /* Playlist_DispenserTests.swift in Sources */,
			);
			runOnlyForDeploymentPostprocessing = 0;
		};
		A3E434561BFBE4D9007A17C7 /* Sources */ = {
			isa = PBXSourcesBuildPhase;
			buildActionMask = 2147483647;
			files = (
				A3E4345F1BFBE4D9007A17C7 /* Playlist_DispenserUITests.swift in Sources */,
			);
			runOnlyForDeploymentPostprocessing = 0;
		};
/* End PBXSourcesBuildPhase section */

/* Begin PBXTargetDependency section */
		A3E434511BFBE4D9007A17C7 /* PBXTargetDependency */ = {
			isa = PBXTargetDependency;
			target = A3E434381BFBE4D9007A17C7 /* Playlist Dispenser */;
			targetProxy = A3E434501BFBE4D9007A17C7 /* PBXContainerItemProxy */;
		};
		A3E4345C1BFBE4D9007A17C7 /* PBXTargetDependency */ = {
			isa = PBXTargetDependency;
			target = A3E434381BFBE4D9007A17C7 /* Playlist Dispenser */;
			targetProxy = A3E4345B1BFBE4D9007A17C7 /* PBXContainerItemProxy */;
		};
/* End PBXTargetDependency section */

/* Begin PBXVariantGroup section */
		A3E434421BFBE4D9007A17C7 /* Main.storyboard */ = {
			isa = PBXVariantGroup;
			children = (
				A3E434431BFBE4D9007A17C7 /* Base */,
			);
			name = Main.storyboard;
			sourceTree = "<group>";
		};
		A3E434471BFBE4D9007A17C7 /* LaunchScreen.storyboard */ = {
			isa = PBXVariantGroup;
			children = (
				A3E434481BFBE4D9007A17C7 /* Base */,
			);
			name = LaunchScreen.storyboard;
			sourceTree = "<group>";
		};
/* End PBXVariantGroup section */

/* Begin XCBuildConfiguration section */
		A3E434611BFBE4D9007A17C7 /* Debug */ = {
			isa = XCBuildConfiguration;
			buildSettings = {
				ALWAYS_SEARCH_USER_PATHS = NO;
				CLANG_CXX_LANGUAGE_STANDARD = "gnu++0x";
				CLANG_CXX_LIBRARY = "libc++";
				CLANG_ENABLE_MODULES = YES;
				CLANG_ENABLE_OBJC_ARC = YES;
				CLANG_WARN_BOOL_CONVERSION = YES;
				CLANG_WARN_CONSTANT_CONVERSION = YES;
				CLANG_WARN_DIRECT_OBJC_ISA_USAGE = YES_ERROR;
				CLANG_WARN_EMPTY_BODY = YES;
				CLANG_WARN_ENUM_CONVERSION = YES;
				CLANG_WARN_INT_CONVERSION = YES;
				CLANG_WARN_OBJC_ROOT_CLASS = YES_ERROR;
				CLANG_WARN_UNREACHABLE_CODE = YES;
				CLANG_WARN__DUPLICATE_METHOD_MATCH = YES;
				"CODE_SIGN_IDENTITY[sdk=iphoneos*]" = "iPhone Developer";
				COPY_PHASE_STRIP = NO;
				DEBUG_INFORMATION_FORMAT = dwarf;
				ENABLE_STRICT_OBJC_MSGSEND = YES;
				ENABLE_TESTABILITY = YES;
				GCC_C_LANGUAGE_STANDARD = gnu99;
				GCC_DYNAMIC_NO_PIC = NO;
				GCC_NO_COMMON_BLOCKS = YES;
				GCC_OPTIMIZATION_LEVEL = 0;
				GCC_PREPROCESSOR_DEFINITIONS = (
					"DEBUG=1",
					"$(inherited)",
				);
				GCC_WARN_64_TO_32_BIT_CONVERSION = YES;
				GCC_WARN_ABOUT_RETURN_TYPE = YES_ERROR;
				GCC_WARN_UNDECLARED_SELECTOR = YES;
				GCC_WARN_UNINITIALIZED_AUTOS = YES_AGGRESSIVE;
				GCC_WARN_UNUSED_FUNCTION = YES;
				GCC_WARN_UNUSED_VARIABLE = YES;
				IPHONEOS_DEPLOYMENT_TARGET = 9.1;
				MTL_ENABLE_DEBUG_INFO = YES;
				ONLY_ACTIVE_ARCH = YES;
				SDKROOT = iphoneos;
				SWIFT_OPTIMIZATION_LEVEL = "-Onone";
				TARGETED_DEVICE_FAMILY = "1,2";
			};
			name = Debug;
		};
		A3E434621BFBE4D9007A17C7 /* Release */ = {
			isa = XCBuildConfiguration;
			buildSettings = {
				ALWAYS_SEARCH_USER_PATHS = NO;
				CLANG_CXX_LANGUAGE_STANDARD = "gnu++0x";
				CLANG_CXX_LIBRARY = "libc++";
				CLANG_ENABLE_MODULES = YES;
				CLANG_ENABLE_OBJC_ARC = YES;
				CLANG_WARN_BOOL_CONVERSION = YES;
				CLANG_WARN_CONSTANT_CONVERSION = YES;
				CLANG_WARN_DIRECT_OBJC_ISA_USAGE = YES_ERROR;
				CLANG_WARN_EMPTY_BODY = YES;
				CLANG_WARN_ENUM_CONVERSION = YES;
				CLANG_WARN_INT_CONVERSION = YES;
				CLANG_WARN_OBJC_ROOT_CLASS = YES_ERROR;
				CLANG_WARN_UNREACHABLE_CODE = YES;
				CLANG_WARN__DUPLICATE_METHOD_MATCH = YES;
				"CODE_SIGN_IDENTITY[sdk=iphoneos*]" = "iPhone Developer";
				COPY_PHASE_STRIP = NO;
				DEBUG_INFORMATION_FORMAT = "dwarf-with-dsym";
				ENABLE_NS_ASSERTIONS = NO;
				ENABLE_STRICT_OBJC_MSGSEND = YES;
				GCC_C_LANGUAGE_STANDARD = gnu99;
				GCC_NO_COMMON_BLOCKS = YES;
				GCC_WARN_64_TO_32_BIT_CONVERSION = YES;
				GCC_WARN_ABOUT_RETURN_TYPE = YES_ERROR;
				GCC_WARN_UNDECLARED_SELECTOR = YES;
				GCC_WARN_UNINITIALIZED_AUTOS = YES_AGGRESSIVE;
				GCC_WARN_UNUSED_FUNCTION = YES;
				GCC_WARN_UNUSED_VARIABLE = YES;
				IPHONEOS_DEPLOYMENT_TARGET = 9.1;
				MTL_ENABLE_DEBUG_INFO = NO;
				SDKROOT = iphoneos;
				TARGETED_DEVICE_FAMILY = "1,2";
				VALIDATE_PRODUCT = YES;
			};
			name = Release;
		};
		A3E434641BFBE4D9007A17C7 /* Debug */ = {
			isa = XCBuildConfiguration;
			buildSettings = {
				ASSETCATALOG_COMPILER_APPICON_NAME = AppIcon;
				INFOPLIST_FILE = "Playlist Dispenser/Info.plist";
				LD_RUNPATH_SEARCH_PATHS = "$(inherited) @executable_path/Frameworks";
				PRODUCT_BUNDLE_IDENTIFIER = "com.lukematusiak.CPE123.Playlist-Dispenser";
				PRODUCT_NAME = "$(TARGET_NAME)";
			};
			name = Debug;
		};
		A3E434651BFBE4D9007A17C7 /* Release */ = {
			isa = XCBuildConfiguration;
			buildSettings = {
				ASSETCATALOG_COMPILER_APPICON_NAME = AppIcon;
				INFOPLIST_FILE = "Playlist Dispenser/Info.plist";
				LD_RUNPATH_SEARCH_PATHS = "$(inherited) @executable_path/Frameworks";
				PRODUCT_BUNDLE_IDENTIFIER = "com.lukematusiak.CPE123.Playlist-Dispenser";
				PRODUCT_NAME = "$(TARGET_NAME)";
			};
			name = Release;
		};
		A3E434671BFBE4D9007A17C7 /* Debug */ = {
			isa = XCBuildConfiguration;
			buildSettings = {
				BUNDLE_LOADER = "$(TEST_HOST)";
				INFOPLIST_FILE = "Playlist DispenserTests/Info.plist";
				LD_RUNPATH_SEARCH_PATHS = "$(inherited) @executable_path/Frameworks @loader_path/Frameworks";
				PRODUCT_BUNDLE_IDENTIFIER = "com.lukematusiak.CPE123.Playlist-DispenserTests";
				PRODUCT_NAME = "$(TARGET_NAME)";
				TEST_HOST = "$(BUILT_PRODUCTS_DIR)/Playlist Dispenser.app/Playlist Dispenser";
			};
			name = Debug;
		};
		A3E434681BFBE4D9007A17C7 /* Release */ = {
			isa = XCBuildConfiguration;
			buildSettings = {
				BUNDLE_LOADER = "$(TEST_HOST)";
				INFOPLIST_FILE = "Playlist DispenserTests/Info.plist";
				LD_RUNPATH_SEARCH_PATHS = "$(inherited) @executable_path/Frameworks @loader_path/Frameworks";
				PRODUCT_BUNDLE_IDENTIFIER = "com.lukematusiak.CPE123.Playlist-DispenserTests";
				PRODUCT_NAME = "$(TARGET_NAME)";
				TEST_HOST = "$(BUILT_PRODUCTS_DIR)/Playlist Dispenser.app/Playlist Dispenser";
			};
			name = Release;
		};
		A3E4346A1BFBE4D9007A17C7 /* Debug */ = {
			isa = XCBuildConfiguration;
			buildSettings = {
				INFOPLIST_FILE = "Playlist DispenserUITests/Info.plist";
				LD_RUNPATH_SEARCH_PATHS = "$(inherited) @executable_path/Frameworks @loader_path/Frameworks";
				PRODUCT_BUNDLE_IDENTIFIER = "com.lukematusiak.CPE123.Playlist-DispenserUITests";
				PRODUCT_NAME = "$(TARGET_NAME)";
				TEST_TARGET_NAME = "Playlist Dispenser";
				USES_XCTRUNNER = YES;
			};
			name = Debug;
		};
		A3E4346B1BFBE4D9007A17C7 /* Release */ = {
			isa = XCBuildConfiguration;
			buildSettings = {
				INFOPLIST_FILE = "Playlist DispenserUITests/Info.plist";
				LD_RUNPATH_SEARCH_PATHS = "$(inherited) @executable_path/Frameworks @loader_path/Frameworks";
				PRODUCT_BUNDLE_IDENTIFIER = "com.lukematusiak.CPE123.Playlist-DispenserUITests";
				PRODUCT_NAME = "$(TARGET_NAME)";
				TEST_TARGET_NAME = "Playlist Dispenser";
				USES_XCTRUNNER = YES;
			};
			name = Release;
		};
/* End XCBuildConfiguration section */

/* Begin XCConfigurationList section */
		A3E434341BFBE4D9007A17C7 /* Build configuration list for PBXProject "Playlist Dispenser" */ = {
			isa = XCConfigurationList;
			buildConfigurations = (
				A3E434611BFBE4D9007A17C7 /* Debug */,
				A3E434621BFBE4D9007A17C7 /* Release */,
			);
			defaultConfigurationIsVisible = 0;
			defaultConfigurationName = Release;
		};
		A3E434631BFBE4D9007A17C7 /* Build configuration list for PBXNativeTarget "Playlist Dispenser" */ = {
			isa = XCConfigurationList;
			buildConfigurations = (
				A3E434641BFBE4D9007A17C7 /* Debug */,
				A3E434651BFBE4D9007A17C7 /* Release */,
			);
			defaultConfigurationIsVisible = 0;
		};
		A3E434661BFBE4D9007A17C7 /* Build configuration list for PBXNativeTarget "Playlist DispenserTests" */ = {
			isa = XCConfigurationList;
			buildConfigurations = (
				A3E434671BFBE4D9007A17C7 /* Debug */,
				A3E434681BFBE4D9007A17C7 /* Release */,
			);
			defaultConfigurationIsVisible = 0;
		};
		A3E434691BFBE4D9007A17C7 /* Build configuration list for PBXNativeTarget "Playlist DispenserUITests" */ = {
			isa = XCConfigurationList;
			buildConfigurations = (
				A3E4346A1BFBE4D9007A17C7 /* Debug */,
				A3E4346B1BFBE4D9007A17C7 /* Release */,
			);
			defaultConfigurationIsVisible = 0;
		};
/* End XCConfigurationList section */
	};
	rootObject = A3E434311BFBE4D9007A17C7 /* Project object */;
}
